
Microsoft Visual Studio Solution File, Format Version 12.00
# Visual Studio Version 17
VisualStudioVersion = 17.9.34607.119
MinimumVisualStudioVersion = 10.0.40219.1
Project("{FAE04EC0-301F-11D3-BF4B-00C04F79EFBC}") = "eHospitalServer.DataAccess", "eHospitalServer.DataAccess\eHospitalServer.DataAccess.csproj", "{C9B6579F-C393-4172-8531-720368FCEECA}"
EndProject
Project("{FAE04EC0-301F-11D3-BF4B-00C04F79EFBC}") = "eHospitalServer.Entities", "eHospitalServer.Entities\eHospitalServer.Entities.csproj", "{BE6E910D-FFF6-4590-9E13-9A83B2F95CB8}"
EndProject
Project("{FAE04EC0-301F-11D3-BF4B-00C04F79EFBC}") = "eHospitalServer.WebAPI", "eHospitalServer.WebAPI\eHospitalServer.WebAPI.csproj", "{35175378-D08C-401C-A3F6-A7F3A3E956FB}"
EndProject
Global
	GlobalSection(SolutionConfigurationPlatforms) = preSolution
		Debug|Any CPU = Debug|Any CPU
		Release|Any CPU = Release|Any CPU
	EndGlobalSection
	GlobalSection(ProjectConfigurationPlatforms) = postSolution
		{C9B6579F-C393-4172-8531-720368FCEECA}.Debug|Any CPU.ActiveCfg = Debug|Any CPU
		{C9B6579F-C393-4172-8531-720368FCEECA}.Debug|Any CPU.Build.0 = Debug|Any CPU
		{C9B6579F-C393-4172-8531-720368FCEECA}.Release|Any CPU.ActiveCfg = Release|Any CPU
		{C9B6579F-C393-4172-8531-720368FCEECA}.Release|Any CPU.Build.0 = Release|Any CPU
		{BE6E910D-FFF6-4590-9E13-9A83B2F95CB8}.Debug|Any CPU.ActiveCfg = Debug|Any CPU
		{BE6E910D-FFF6-4590-9E13-9A83B2F95CB8}.Debug|Any CPU.Build.0 = Debug|Any CPU
		{BE6E910D-FFF6-4590-9E13-9A83B2F95CB8}.Release|Any CPU.ActiveCfg = Release|Any CPU
		{BE6E910D-FFF6-4590-9E13-9A83B2F95CB8}.Release|Any CPU.Build.0 = Release|Any CPU
		{35175378-D08C-401C-A3F6-A7F3A3E956FB}.Debug|Any CPU.ActiveCfg = Debug|Any CPU
		{35175378-D08C-401C-A3F6-A7F3A3E956FB}.Debug|Any CPU.Build.0 = Debug|Any CPU
		{35175378-D08C-401C-A3F6-A7F3A3E956FB}.Release|Any CPU.ActiveCfg = Release|Any CPU
		{35175378-D08C-401C-A3F6-A7F3A3E956FB}.Release|Any CPU.Build.0 = Release|Any CPU
	EndGlobalSection
	GlobalSection(SolutionProperties) = preSolution
		HideSolutionNode = FALSE
	EndGlobalSection
	GlobalSection(ExtensibilityGlobals) = postSolution
		SolutionGuid = {533397FD-36C8-4DDC-A2AE-4C8EF9BDE26B}
	EndGlobalSection
EndGlobal
