
Microsoft Visual Studio Solution File, Format Version 12.00
# Visual Studio Version 17
VisualStudioVersion = 17.9.34607.119
MinimumVisualStudioVersion = 10.0.40219.1
Project("{FAE04EC0-301F-11D3-BF4B-00C04F79EFBC}") = "HospitalServer.WebAPI", "HospitalServer.WebAPI\HospitalServer.WebAPI.csproj", "{966A7C8A-E839-4AAF-9C88-3BCBDAEDE89C}"
EndProject
Project("{FAE04EC0-301F-11D3-BF4B-00C04F79EFBC}") = "HospitalServer.Entities", "HospitalServer.Entities\HospitalServer.Entities.csproj", "{354E4D56-18F8-426A-A4A6-8916EB78C39C}"
EndProject
Project("{FAE04EC0-301F-11D3-BF4B-00C04F79EFBC}") = "HospitalServer.DataAccess", "HospitalServer.DataAccess\HospitalServer.DataAccess.csproj", "{C96BC2C1-12A9-404D-858F-317B11A273B0}"
EndProject
Project("{FAE04EC0-301F-11D3-BF4B-00C04F79EFBC}") = "HospitalServer.Business", "HospitalServer.Business\HospitalServer.Business.csproj", "{43163A67-8FC5-4DAC-9094-DAF40AE3165A}"
EndProject
Global
	GlobalSection(SolutionConfigurationPlatforms) = preSolution
		Debug|Any CPU = Debug|Any CPU
		Release|Any CPU = Release|Any CPU
	EndGlobalSection
	GlobalSection(ProjectConfigurationPlatforms) = postSolution
		{966A7C8A-E839-4AAF-9C88-3BCBDAEDE89C}.Debug|Any CPU.ActiveCfg = Debug|Any CPU
		{966A7C8A-E839-4AAF-9C88-3BCBDAEDE89C}.Debug|Any CPU.Build.0 = Debug|Any CPU
		{966A7C8A-E839-4AAF-9C88-3BCBDAEDE89C}.Release|Any CPU.ActiveCfg = Release|Any CPU
		{966A7C8A-E839-4AAF-9C88-3BCBDAEDE89C}.Release|Any CPU.Build.0 = Release|Any CPU
		{354E4D56-18F8-426A-A4A6-8916EB78C39C}.Debug|Any CPU.ActiveCfg = Debug|Any CPU
		{354E4D56-18F8-426A-A4A6-8916EB78C39C}.Debug|Any CPU.Build.0 = Debug|Any CPU
		{354E4D56-18F8-426A-A4A6-8916EB78C39C}.Release|Any CPU.ActiveCfg = Release|Any CPU
		{354E4D56-18F8-426A-A4A6-8916EB78C39C}.Release|Any CPU.Build.0 = Release|Any CPU
		{C96BC2C1-12A9-404D-858F-317B11A273B0}.Debug|Any CPU.ActiveCfg = Debug|Any CPU
		{C96BC2C1-12A9-404D-858F-317B11A273B0}.Debug|Any CPU.Build.0 = Debug|Any CPU
		{C96BC2C1-12A9-404D-858F-317B11A273B0}.Release|Any CPU.ActiveCfg = Release|Any CPU
		{C96BC2C1-12A9-404D-858F-317B11A273B0}.Release|Any CPU.Build.0 = Release|Any CPU
		{43163A67-8FC5-4DAC-9094-DAF40AE3165A}.Debug|Any CPU.ActiveCfg = Debug|Any CPU
		{43163A67-8FC5-4DAC-9094-DAF40AE3165A}.Debug|Any CPU.Build.0 = Debug|Any CPU
		{43163A67-8FC5-4DAC-9094-DAF40AE3165A}.Release|Any CPU.ActiveCfg = Release|Any CPU
		{43163A67-8FC5-4DAC-9094-DAF40AE3165A}.Release|Any CPU.Build.0 = Release|Any CPU
	EndGlobalSection
	GlobalSection(SolutionProperties) = preSolution
		HideSolutionNode = FALSE
	EndGlobalSection
	GlobalSection(ExtensibilityGlobals) = postSolution
		SolutionGuid = {51FC12AA-48B4-4566-83B9-37F37ACB61D2}
	EndGlobalSection
EndGlobal
